
Microsoft Visual Studio Solution File, Format Version 12.00
# Visual Studio 2013
VisualStudioVersion = 12.0.21005.1
MinimumVisualStudioVersion = 10.0.40219.1
Project("{00D1A9C2-B5F0-4AF3-8072-F6C62B433612}") = "Seminario.Database", "seminario.Database\Seminario.Database.sqlproj", "{10199F33-180F-4598-8662-D7BE49B1445E}"
EndProject
Project("{FAE04EC0-301F-11D3-BF4B-00C04F79EFBC}") = "Seminario.Model", "Seminario.Model\Seminario.Model.csproj", "{18D4D33A-961C-43EB-92A7-341CA9668EE8}"
EndProject
Project("{FAE04EC0-301F-11D3-BF4B-00C04F79EFBC}") = "Seminario.Data.Test", "Seminario.Data.Test\Seminario.Data.Test.csproj", "{8CB37E72-E069-4782-9D87-6B4B200F5DB6}"
EndProject
Project("{FAE04EC0-301F-11D3-BF4B-00C04F79EFBC}") = "Seminario.Validationes", "Seminario.Validationes\Seminario.Validationes.csproj", "{5D8A63AF-7CCB-4083-AC72-D47A671E9CEF}"
EndProject
Project("{FAE04EC0-301F-11D3-BF4B-00C04F79EFBC}") = "Seminario.Web", "Seminario.Web\Seminario.Web.csproj", "{54B5E68F-C914-4900-9A59-9C9B0011BB4D}"
EndProject
Project("{FAE04EC0-301F-11D3-BF4B-00C04F79EFBC}") = "Seminario.MapperProject", "Seminario.MapperProject\Seminario.MapperProject.csproj", "{3772EE46-7922-4788-ACC2-CAC70A242815}"
EndProject
Project("{FAE04EC0-301F-11D3-BF4B-00C04F79EFBC}") = "Seminario.NHibernate", "Seminario.NHibernate\Seminario.NHibernate.csproj", "{456011CF-7D4F-435A-B5C2-94372A28DB4C}"
EndProject
Project("{FAE04EC0-301F-11D3-BF4B-00C04F79EFBC}") = "Seminario.UnityMvc", "Seminario.UnityMvc\Seminario.UnityMvc.csproj", "{D9B21D14-774C-4CBB-9B4C-17190157593D}"
EndProject
Project("{FAE04EC0-301F-11D3-BF4B-00C04F79EFBC}") = "Seminario.UnityApi", "Seminario.UnityApi\Seminario.UnityApi.csproj", "{B0FCE68E-4028-485B-85F0-A14E2CB1866A}"
EndProject
Project("{FAE04EC0-301F-11D3-BF4B-00C04F79EFBC}") = "Seminario.WebServices", "Seminario.WebServices\Seminario.WebServices.csproj", "{702AC730-317C-4955-A609-813B161971A5}"
EndProject
Project("{FAE04EC0-301F-11D3-BF4B-00C04F79EFBC}") = "Seminario.WebService.Contracts", "Seminario.WebService.Contracts\Seminario.WebService.Contracts.csproj", "{45ED4A19-86BD-4E7B-828C-A808DC1AE6F3}"
EndProject
Global
	GlobalSection(SolutionConfigurationPlatforms) = preSolution
		Debug|Any CPU = Debug|Any CPU
		Release|Any CPU = Release|Any CPU
	EndGlobalSection
	GlobalSection(ProjectConfigurationPlatforms) = postSolution
		{10199F33-180F-4598-8662-D7BE49B1445E}.Debug|Any CPU.ActiveCfg = Debug|Any CPU
		{10199F33-180F-4598-8662-D7BE49B1445E}.Debug|Any CPU.Build.0 = Debug|Any CPU
		{10199F33-180F-4598-8662-D7BE49B1445E}.Debug|Any CPU.Deploy.0 = Debug|Any CPU
		{10199F33-180F-4598-8662-D7BE49B1445E}.Release|Any CPU.ActiveCfg = Release|Any CPU
		{10199F33-180F-4598-8662-D7BE49B1445E}.Release|Any CPU.Build.0 = Release|Any CPU
		{10199F33-180F-4598-8662-D7BE49B1445E}.Release|Any CPU.Deploy.0 = Release|Any CPU
		{18D4D33A-961C-43EB-92A7-341CA9668EE8}.Debug|Any CPU.ActiveCfg = Debug|Any CPU
		{18D4D33A-961C-43EB-92A7-341CA9668EE8}.Debug|Any CPU.Build.0 = Debug|Any CPU
		{18D4D33A-961C-43EB-92A7-341CA9668EE8}.Release|Any CPU.ActiveCfg = Release|Any CPU
		{18D4D33A-961C-43EB-92A7-341CA9668EE8}.Release|Any CPU.Build.0 = Release|Any CPU
		{8CB37E72-E069-4782-9D87-6B4B200F5DB6}.Debug|Any CPU.ActiveCfg = Debug|Any CPU
		{8CB37E72-E069-4782-9D87-6B4B200F5DB6}.Debug|Any CPU.Build.0 = Debug|Any CPU
		{8CB37E72-E069-4782-9D87-6B4B200F5DB6}.Release|Any CPU.ActiveCfg = Release|Any CPU
		{8CB37E72-E069-4782-9D87-6B4B200F5DB6}.Release|Any CPU.Build.0 = Release|Any CPU
		{5D8A63AF-7CCB-4083-AC72-D47A671E9CEF}.Debug|Any CPU.ActiveCfg = Debug|Any CPU
		{5D8A63AF-7CCB-4083-AC72-D47A671E9CEF}.Debug|Any CPU.Build.0 = Debug|Any CPU
		{5D8A63AF-7CCB-4083-AC72-D47A671E9CEF}.Release|Any CPU.ActiveCfg = Release|Any CPU
		{5D8A63AF-7CCB-4083-AC72-D47A671E9CEF}.Release|Any CPU.Build.0 = Release|Any CPU
		{54B5E68F-C914-4900-9A59-9C9B0011BB4D}.Debug|Any CPU.ActiveCfg = Debug|Any CPU
		{54B5E68F-C914-4900-9A59-9C9B0011BB4D}.Debug|Any CPU.Build.0 = Debug|Any CPU
		{54B5E68F-C914-4900-9A59-9C9B0011BB4D}.Release|Any CPU.ActiveCfg = Release|Any CPU
		{54B5E68F-C914-4900-9A59-9C9B0011BB4D}.Release|Any CPU.Build.0 = Release|Any CPU
		{3772EE46-7922-4788-ACC2-CAC70A242815}.Debug|Any CPU.ActiveCfg = Debug|Any CPU
		{3772EE46-7922-4788-ACC2-CAC70A242815}.Debug|Any CPU.Build.0 = Debug|Any CPU
		{3772EE46-7922-4788-ACC2-CAC70A242815}.Release|Any CPU.ActiveCfg = Release|Any CPU
		{3772EE46-7922-4788-ACC2-CAC70A242815}.Release|Any CPU.Build.0 = Release|Any CPU
		{456011CF-7D4F-435A-B5C2-94372A28DB4C}.Debug|Any CPU.ActiveCfg = Debug|Any CPU
		{456011CF-7D4F-435A-B5C2-94372A28DB4C}.Debug|Any CPU.Build.0 = Debug|Any CPU
		{456011CF-7D4F-435A-B5C2-94372A28DB4C}.Release|Any CPU.ActiveCfg = Release|Any CPU
		{456011CF-7D4F-435A-B5C2-94372A28DB4C}.Release|Any CPU.Build.0 = Release|Any CPU
		{D9B21D14-774C-4CBB-9B4C-17190157593D}.Debug|Any CPU.ActiveCfg = Debug|Any CPU
		{D9B21D14-774C-4CBB-9B4C-17190157593D}.Debug|Any CPU.Build.0 = Debug|Any CPU
		{D9B21D14-774C-4CBB-9B4C-17190157593D}.Release|Any CPU.ActiveCfg = Release|Any CPU
		{D9B21D14-774C-4CBB-9B4C-17190157593D}.Release|Any CPU.Build.0 = Release|Any CPU
		{B0FCE68E-4028-485B-85F0-A14E2CB1866A}.Debug|Any CPU.ActiveCfg = Debug|Any CPU
		{B0FCE68E-4028-485B-85F0-A14E2CB1866A}.Debug|Any CPU.Build.0 = Debug|Any CPU
		{B0FCE68E-4028-485B-85F0-A14E2CB1866A}.Release|Any CPU.ActiveCfg = Release|Any CPU
		{B0FCE68E-4028-485B-85F0-A14E2CB1866A}.Release|Any CPU.Build.0 = Release|Any CPU
		{702AC730-317C-4955-A609-813B161971A5}.Debug|Any CPU.ActiveCfg = Debug|Any CPU
		{702AC730-317C-4955-A609-813B161971A5}.Debug|Any CPU.Build.0 = Debug|Any CPU
		{702AC730-317C-4955-A609-813B161971A5}.Release|Any CPU.ActiveCfg = Release|Any CPU
		{702AC730-317C-4955-A609-813B161971A5}.Release|Any CPU.Build.0 = Release|Any CPU
		{45ED4A19-86BD-4E7B-828C-A808DC1AE6F3}.Debug|Any CPU.ActiveCfg = Debug|Any CPU
		{45ED4A19-86BD-4E7B-828C-A808DC1AE6F3}.Debug|Any CPU.Build.0 = Debug|Any CPU
		{45ED4A19-86BD-4E7B-828C-A808DC1AE6F3}.Release|Any CPU.ActiveCfg = Release|Any CPU
		{45ED4A19-86BD-4E7B-828C-A808DC1AE6F3}.Release|Any CPU.Build.0 = Release|Any CPU
	EndGlobalSection
	GlobalSection(SolutionProperties) = preSolution
		HideSolutionNode = FALSE
	EndGlobalSection
	GlobalSection(ExtensibilityGlobals) = postSolution
		EnterpriseLibraryConfigurationToolBinariesPath = packages\Unity.2.1.505.2\lib\NET35;packages\Unity.2.1.505.0\lib\NET35
	EndGlobalSection
EndGlobal
